
Microsoft Visual Studio Solution File, Format Version 12.00
# Visual Studio Version 17
VisualStudioVersion = 17.7.34202.233
MinimumVisualStudioVersion = 10.0.40219.1
Project("{FAE04EC0-301F-11D3-BF4B-00C04F79EFBC}") = "Labb 4 - Collection Generics", "Labb 4 - Collection Generics\Labb 4 - Collection Generics.csproj", "{16462CC9-8DB7-4AE6-BD8B-CCC0D077EE7D}"
EndProject
Global
	GlobalSection(SolutionConfigurationPlatforms) = preSolution
		Debug|Any CPU = Debug|Any CPU
		Release|Any CPU = Release|Any CPU
	EndGlobalSection
	GlobalSection(ProjectConfigurationPlatforms) = postSolution
		{16462CC9-8DB7-4AE6-BD8B-CCC0D077EE7D}.Debug|Any CPU.ActiveCfg = Debug|Any CPU
		{16462CC9-8DB7-4AE6-BD8B-CCC0D077EE7D}.Debug|Any CPU.Build.0 = Debug|Any CPU
		{16462CC9-8DB7-4AE6-BD8B-CCC0D077EE7D}.Release|Any CPU.ActiveCfg = Release|Any CPU
		{16462CC9-8DB7-4AE6-BD8B-CCC0D077EE7D}.Release|Any CPU.Build.0 = Release|Any CPU
	EndGlobalSection
	GlobalSection(SolutionProperties) = preSolution
		HideSolutionNode = FALSE
	EndGlobalSection
	GlobalSection(ExtensibilityGlobals) = postSolution
		SolutionGuid = {268AFC4E-8D68-47D0-993A-D6AB74D9A96C}
	EndGlobalSection
EndGlobal
